
Microsoft Visual Studio Solution File, Format Version 12.00
# Visual Studio Version 16
VisualStudioVersion = 16.0.31112.23
MinimumVisualStudioVersion = 10.0.40219.1
Project("{FAE04EC0-301F-11D3-BF4B-00C04F79EFBC}") = "WCFService", "WCFService\WCFService.csproj", "{1AC5506D-9CD3-4A22-8B14-FF4D96DC9604}"
EndProject
Project("{FAE04EC0-301F-11D3-BF4B-00C04F79EFBC}") = "WCFClient", "WCFClient\WCFClient.csproj", "{51F25D91-A9E8-405D-AB5D-D245D7FBB218}"
EndProject
Global
	GlobalSection(SolutionConfigurationPlatforms) = preSolution
		Debug|Any CPU = Debug|Any CPU
		Release|Any CPU = Release|Any CPU
	EndGlobalSection
	GlobalSection(ProjectConfigurationPlatforms) = postSolution
		{1AC5506D-9CD3-4A22-8B14-FF4D96DC9604}.Debug|Any CPU.ActiveCfg = Debug|Any CPU
		{1AC5506D-9CD3-4A22-8B14-FF4D96DC9604}.Debug|Any CPU.Build.0 = Debug|Any CPU
		{1AC5506D-9CD3-4A22-8B14-FF4D96DC9604}.Release|Any CPU.ActiveCfg = Release|Any CPU
		{1AC5506D-9CD3-4A22-8B14-FF4D96DC9604}.Release|Any CPU.Build.0 = Release|Any CPU
		{51F25D91-A9E8-405D-AB5D-D245D7FBB218}.Debug|Any CPU.ActiveCfg = Debug|Any CPU
		{51F25D91-A9E8-405D-AB5D-D245D7FBB218}.Debug|Any CPU.Build.0 = Debug|Any CPU
		{51F25D91-A9E8-405D-AB5D-D245D7FBB218}.Release|Any CPU.ActiveCfg = Release|Any CPU
		{51F25D91-A9E8-405D-AB5D-D245D7FBB218}.Release|Any CPU.Build.0 = Release|Any CPU
	EndGlobalSection
	GlobalSection(SolutionProperties) = preSolution
		HideSolutionNode = FALSE
	EndGlobalSection
	GlobalSection(ExtensibilityGlobals) = postSolution
		SolutionGuid = {BC39B835-898C-4118-A66E-F9451DCA4AFC}
	EndGlobalSection
EndGlobal
