
Microsoft Visual Studio Solution File, Format Version 12.00
# Visual Studio Version 16
VisualStudioVersion = 16.0.30804.86
MinimumVisualStudioVersion = 10.0.40219.1
Project("{FAE04EC0-301F-11D3-BF4B-00C04F79EFBC}") = "SignalRChatWPFClient", "SignalRChatWPFClient.csproj", "{F2DD8585-C262-47BA-8B4E-C6A5964A62B2}"
EndProject
Project("{9A19103F-16F7-4668-BE54-9A1E7A4F7556}") = "SignalRChatShare", "..\..\SignalRChatShare\SignalRChatShare\SignalRChatShare.csproj", "{3AD28685-D51E-427A-AC66-DEE741B98139}"
EndProject
Global
	GlobalSection(SolutionConfigurationPlatforms) = preSolution
		Debug|Any CPU = Debug|Any CPU
		Release|Any CPU = Release|Any CPU
	EndGlobalSection
	GlobalSection(ProjectConfigurationPlatforms) = postSolution
		{F2DD8585-C262-47BA-8B4E-C6A5964A62B2}.Debug|Any CPU.ActiveCfg = Debug|Any CPU
		{F2DD8585-C262-47BA-8B4E-C6A5964A62B2}.Debug|Any CPU.Build.0 = Debug|Any CPU
		{F2DD8585-C262-47BA-8B4E-C6A5964A62B2}.Release|Any CPU.ActiveCfg = Release|Any CPU
		{F2DD8585-C262-47BA-8B4E-C6A5964A62B2}.Release|Any CPU.Build.0 = Release|Any CPU
		{3AD28685-D51E-427A-AC66-DEE741B98139}.Debug|Any CPU.ActiveCfg = Debug|Any CPU
		{3AD28685-D51E-427A-AC66-DEE741B98139}.Debug|Any CPU.Build.0 = Debug|Any CPU
		{3AD28685-D51E-427A-AC66-DEE741B98139}.Release|Any CPU.ActiveCfg = Release|Any CPU
		{3AD28685-D51E-427A-AC66-DEE741B98139}.Release|Any CPU.Build.0 = Release|Any CPU
	EndGlobalSection
	GlobalSection(SolutionProperties) = preSolution
		HideSolutionNode = FALSE
	EndGlobalSection
	GlobalSection(ExtensibilityGlobals) = postSolution
		SolutionGuid = {28B18871-00EB-43E8-9344-ABD8978BCACF}
	EndGlobalSection
EndGlobal
