
Microsoft Visual Studio Solution File, Format Version 12.00
# Visual Studio Version 16
VisualStudioVersion = 16.0.30804.86
MinimumVisualStudioVersion = 10.0.40219.1
Project("{9A19103F-16F7-4668-BE54-9A1E7A4F7556}") = "Radius", "Radius\Radius.csproj", "{54EC42DB-DD94-4B47-BA2D-6C1470210565}"
EndProject
Project("{9A19103F-16F7-4668-BE54-9A1E7A4F7556}") = "Radius.Tests", "Radius.Tests\Radius.Tests.csproj", "{38567820-757D-45F7-82BC-7185FBA2E0BC}"
EndProject
Global
	GlobalSection(SolutionConfigurationPlatforms) = preSolution
		Debug|Any CPU = Debug|Any CPU
		Release|Any CPU = Release|Any CPU
	EndGlobalSection
	GlobalSection(ProjectConfigurationPlatforms) = postSolution
		{54EC42DB-DD94-4B47-BA2D-6C1470210565}.Debug|Any CPU.ActiveCfg = Debug|Any CPU
		{54EC42DB-DD94-4B47-BA2D-6C1470210565}.Debug|Any CPU.Build.0 = Debug|Any CPU
		{54EC42DB-DD94-4B47-BA2D-6C1470210565}.Release|Any CPU.ActiveCfg = Release|Any CPU
		{54EC42DB-DD94-4B47-BA2D-6C1470210565}.Release|Any CPU.Build.0 = Release|Any CPU
		{38567820-757D-45F7-82BC-7185FBA2E0BC}.Debug|Any CPU.ActiveCfg = Debug|Any CPU
		{38567820-757D-45F7-82BC-7185FBA2E0BC}.Debug|Any CPU.Build.0 = Debug|Any CPU
		{38567820-757D-45F7-82BC-7185FBA2E0BC}.Release|Any CPU.ActiveCfg = Release|Any CPU
		{38567820-757D-45F7-82BC-7185FBA2E0BC}.Release|Any CPU.Build.0 = Release|Any CPU
	EndGlobalSection
	GlobalSection(SolutionProperties) = preSolution
		HideSolutionNode = FALSE
	EndGlobalSection
	GlobalSection(ExtensibilityGlobals) = postSolution
		SolutionGuid = {24D2B6E4-E02C-4AFF-A74C-6C3E42EBED48}
	EndGlobalSection
EndGlobal
