
Microsoft Visual Studio Solution File, Format Version 12.00
# Visual Studio Version 16
VisualStudioVersion = 16.0.30804.86
MinimumVisualStudioVersion = 10.0.40219.1
Project("{FAE04EC0-301F-11D3-BF4B-00C04F79EFBC}") = "JWTAuthentication2", "JWTAuthentication2\JWTAuthentication2.csproj", "{1270305A-EFD3-4223-905D-8B5C37CA5D63}"
EndProject
Global
	GlobalSection(SolutionConfigurationPlatforms) = preSolution
		Debug|Any CPU = Debug|Any CPU
		Release|Any CPU = Release|Any CPU
	EndGlobalSection
	GlobalSection(ProjectConfigurationPlatforms) = postSolution
		{1270305A-EFD3-4223-905D-8B5C37CA5D63}.Debug|Any CPU.ActiveCfg = Debug|Any CPU
		{1270305A-EFD3-4223-905D-8B5C37CA5D63}.Debug|Any CPU.Build.0 = Debug|Any CPU
		{1270305A-EFD3-4223-905D-8B5C37CA5D63}.Release|Any CPU.ActiveCfg = Release|Any CPU
		{1270305A-EFD3-4223-905D-8B5C37CA5D63}.Release|Any CPU.Build.0 = Release|Any CPU
	EndGlobalSection
	GlobalSection(SolutionProperties) = preSolution
		HideSolutionNode = FALSE
	EndGlobalSection
	GlobalSection(ExtensibilityGlobals) = postSolution
		SolutionGuid = {C1B71FA3-5E54-4F20-9524-FCB639AF77AB}
	EndGlobalSection
EndGlobal
