
Microsoft Visual Studio Solution File, Format Version 12.00
# Visual Studio Version 16
VisualStudioVersion = 16.0.31025.194
MinimumVisualStudioVersion = 10.0.40219.1
Project("{FAE04EC0-301F-11D3-BF4B-00C04F79EFBC}") = "GrpcPub", "GrpcPub.csproj", "{A0D2FDCA-A37E-40EB-8D6E-0F1E37311971}"
EndProject
Project("{FAE04EC0-301F-11D3-BF4B-00C04F79EFBC}") = "GrpcSub", "..\GrpcSub\GrpcSub.csproj", "{F75080B7-B68E-443F-B716-F4BC1F3AB160}"
EndProject
Global
	GlobalSection(SolutionConfigurationPlatforms) = preSolution
		Debug|Any CPU = Debug|Any CPU
		Release|Any CPU = Release|Any CPU
	EndGlobalSection
	GlobalSection(ProjectConfigurationPlatforms) = postSolution
		{A0D2FDCA-A37E-40EB-8D6E-0F1E37311971}.Debug|Any CPU.ActiveCfg = Debug|Any CPU
		{A0D2FDCA-A37E-40EB-8D6E-0F1E37311971}.Debug|Any CPU.Build.0 = Debug|Any CPU
		{A0D2FDCA-A37E-40EB-8D6E-0F1E37311971}.Release|Any CPU.ActiveCfg = Release|Any CPU
		{A0D2FDCA-A37E-40EB-8D6E-0F1E37311971}.Release|Any CPU.Build.0 = Release|Any CPU
		{F75080B7-B68E-443F-B716-F4BC1F3AB160}.Debug|Any CPU.ActiveCfg = Debug|Any CPU
		{F75080B7-B68E-443F-B716-F4BC1F3AB160}.Debug|Any CPU.Build.0 = Debug|Any CPU
		{F75080B7-B68E-443F-B716-F4BC1F3AB160}.Release|Any CPU.ActiveCfg = Release|Any CPU
		{F75080B7-B68E-443F-B716-F4BC1F3AB160}.Release|Any CPU.Build.0 = Release|Any CPU
	EndGlobalSection
	GlobalSection(SolutionProperties) = preSolution
		HideSolutionNode = FALSE
	EndGlobalSection
	GlobalSection(ExtensibilityGlobals) = postSolution
		SolutionGuid = {0F37BC37-A839-4F89-A71A-BFD5AAA02020}
	EndGlobalSection
EndGlobal
