
Microsoft Visual Studio Solution File, Format Version 12.00
# Visual Studio Version 16
VisualStudioVersion = 16.0.30804.86
MinimumVisualStudioVersion = 10.0.40219.1
Project("{FAE04EC0-301F-11D3-BF4B-00C04F79EFBC}") = "SignalRChatWebClient", "SignalRChatWebClient.csproj", "{3C54FB61-90C4-4FEE-9CC8-BE49A9649CDA}"
EndProject
Global
	GlobalSection(SolutionConfigurationPlatforms) = preSolution
		Debug|Any CPU = Debug|Any CPU
		Release|Any CPU = Release|Any CPU
	EndGlobalSection
	GlobalSection(ProjectConfigurationPlatforms) = postSolution
		{3C54FB61-90C4-4FEE-9CC8-BE49A9649CDA}.Debug|Any CPU.ActiveCfg = Debug|Any CPU
		{3C54FB61-90C4-4FEE-9CC8-BE49A9649CDA}.Debug|Any CPU.Build.0 = Debug|Any CPU
		{3C54FB61-90C4-4FEE-9CC8-BE49A9649CDA}.Release|Any CPU.ActiveCfg = Release|Any CPU
		{3C54FB61-90C4-4FEE-9CC8-BE49A9649CDA}.Release|Any CPU.Build.0 = Release|Any CPU
	EndGlobalSection
	GlobalSection(SolutionProperties) = preSolution
		HideSolutionNode = FALSE
	EndGlobalSection
	GlobalSection(ExtensibilityGlobals) = postSolution
		SolutionGuid = {4348CB05-C24A-4291-85AB-2ECC82697746}
	EndGlobalSection
EndGlobal
