
Microsoft Visual Studio Solution File, Format Version 12.00
# Visual Studio Version 16
VisualStudioVersion = 16.0.31112.23
MinimumVisualStudioVersion = 10.0.40219.1
Project("{FAE04EC0-301F-11D3-BF4B-00C04F79EFBC}") = "ServiceInterface", "ServiceInterface\ServiceInterface.csproj", "{C8A43407-8B07-4DF3-93A8-4E3FA2CE8424}"
EndProject
Project("{FAE04EC0-301F-11D3-BF4B-00C04F79EFBC}") = "WCFServiceHost", "WCFServiceHost\WCFServiceHost.csproj", "{B33E9CDF-A945-4381-941F-8DA9F7DD0123}"
EndProject
Project("{FAE04EC0-301F-11D3-BF4B-00C04F79EFBC}") = "WCFServiceClient", "WCFServiceClient\WCFServiceClient.csproj", "{3A83D46D-299B-433E-B261-CCEE3C2BFD9F}"
EndProject
Global
	GlobalSection(SolutionConfigurationPlatforms) = preSolution
		Debug|Any CPU = Debug|Any CPU
		Release|Any CPU = Release|Any CPU
	EndGlobalSection
	GlobalSection(ProjectConfigurationPlatforms) = postSolution
		{C8A43407-8B07-4DF3-93A8-4E3FA2CE8424}.Debug|Any CPU.ActiveCfg = Debug|Any CPU
		{C8A43407-8B07-4DF3-93A8-4E3FA2CE8424}.Debug|Any CPU.Build.0 = Debug|Any CPU
		{C8A43407-8B07-4DF3-93A8-4E3FA2CE8424}.Release|Any CPU.ActiveCfg = Release|Any CPU
		{C8A43407-8B07-4DF3-93A8-4E3FA2CE8424}.Release|Any CPU.Build.0 = Release|Any CPU
		{B33E9CDF-A945-4381-941F-8DA9F7DD0123}.Debug|Any CPU.ActiveCfg = Debug|Any CPU
		{B33E9CDF-A945-4381-941F-8DA9F7DD0123}.Debug|Any CPU.Build.0 = Debug|Any CPU
		{B33E9CDF-A945-4381-941F-8DA9F7DD0123}.Release|Any CPU.ActiveCfg = Release|Any CPU
		{B33E9CDF-A945-4381-941F-8DA9F7DD0123}.Release|Any CPU.Build.0 = Release|Any CPU
		{3A83D46D-299B-433E-B261-CCEE3C2BFD9F}.Debug|Any CPU.ActiveCfg = Debug|Any CPU
		{3A83D46D-299B-433E-B261-CCEE3C2BFD9F}.Debug|Any CPU.Build.0 = Debug|Any CPU
		{3A83D46D-299B-433E-B261-CCEE3C2BFD9F}.Release|Any CPU.ActiveCfg = Release|Any CPU
		{3A83D46D-299B-433E-B261-CCEE3C2BFD9F}.Release|Any CPU.Build.0 = Release|Any CPU
	EndGlobalSection
	GlobalSection(SolutionProperties) = preSolution
		HideSolutionNode = FALSE
	EndGlobalSection
	GlobalSection(ExtensibilityGlobals) = postSolution
		SolutionGuid = {72063041-2254-46E3-A245-7521B7657936}
	EndGlobalSection
EndGlobal
