
Microsoft Visual Studio Solution File, Format Version 12.00
# Visual Studio Version 16
VisualStudioVersion = 16.0.31025.194
MinimumVisualStudioVersion = 10.0.40219.1
Project("{FAE04EC0-301F-11D3-BF4B-00C04F79EFBC}") = "RabbitProducer", "RabbitProducer.csproj", "{A5FB9BDF-BAC5-4C29-94C9-7A140DC12F6D}"
EndProject
Project("{FAE04EC0-301F-11D3-BF4B-00C04F79EFBC}") = "RabbitConsumer", "..\RabbitConsumer\RabbitConsumer.csproj", "{32E79BC5-8872-4E7F-90E2-85310371414C}"
EndProject
Global
	GlobalSection(SolutionConfigurationPlatforms) = preSolution
		Debug|Any CPU = Debug|Any CPU
		Release|Any CPU = Release|Any CPU
	EndGlobalSection
	GlobalSection(ProjectConfigurationPlatforms) = postSolution
		{A5FB9BDF-BAC5-4C29-94C9-7A140DC12F6D}.Debug|Any CPU.ActiveCfg = Debug|Any CPU
		{A5FB9BDF-BAC5-4C29-94C9-7A140DC12F6D}.Debug|Any CPU.Build.0 = Debug|Any CPU
		{A5FB9BDF-BAC5-4C29-94C9-7A140DC12F6D}.Release|Any CPU.ActiveCfg = Release|Any CPU
		{A5FB9BDF-BAC5-4C29-94C9-7A140DC12F6D}.Release|Any CPU.Build.0 = Release|Any CPU
		{32E79BC5-8872-4E7F-90E2-85310371414C}.Debug|Any CPU.ActiveCfg = Debug|Any CPU
		{32E79BC5-8872-4E7F-90E2-85310371414C}.Debug|Any CPU.Build.0 = Debug|Any CPU
		{32E79BC5-8872-4E7F-90E2-85310371414C}.Release|Any CPU.ActiveCfg = Release|Any CPU
		{32E79BC5-8872-4E7F-90E2-85310371414C}.Release|Any CPU.Build.0 = Release|Any CPU
	EndGlobalSection
	GlobalSection(SolutionProperties) = preSolution
		HideSolutionNode = FALSE
	EndGlobalSection
	GlobalSection(ExtensibilityGlobals) = postSolution
		SolutionGuid = {46E342B9-8053-4B88-BCCD-FF9AA543AB5F}
	EndGlobalSection
EndGlobal
