
Microsoft Visual Studio Solution File, Format Version 12.00
# Visual Studio Version 16
VisualStudioVersion = 16.0.31025.194
MinimumVisualStudioVersion = 10.0.40219.1
Project("{9A19103F-16F7-4668-BE54-9A1E7A4F7556}") = "RabbitWorkerProducer", "RabbitWorkerProducer.csproj", "{CD1FC8FB-8313-4F1A-968E-F3B77F41999A}"
EndProject
Project("{FAE04EC0-301F-11D3-BF4B-00C04F79EFBC}") = "RabbitWorkerConsumer", "..\RabbitWorkerConsumer\RabbitWorkerConsumer.csproj", "{8BE7987C-4875-4324-A842-3A70E51ED795}"
EndProject
Global
	GlobalSection(SolutionConfigurationPlatforms) = preSolution
		Debug|Any CPU = Debug|Any CPU
		Release|Any CPU = Release|Any CPU
	EndGlobalSection
	GlobalSection(ProjectConfigurationPlatforms) = postSolution
		{CD1FC8FB-8313-4F1A-968E-F3B77F41999A}.Debug|Any CPU.ActiveCfg = Debug|Any CPU
		{CD1FC8FB-8313-4F1A-968E-F3B77F41999A}.Debug|Any CPU.Build.0 = Debug|Any CPU
		{CD1FC8FB-8313-4F1A-968E-F3B77F41999A}.Release|Any CPU.ActiveCfg = Release|Any CPU
		{CD1FC8FB-8313-4F1A-968E-F3B77F41999A}.Release|Any CPU.Build.0 = Release|Any CPU
		{8BE7987C-4875-4324-A842-3A70E51ED795}.Debug|Any CPU.ActiveCfg = Debug|Any CPU
		{8BE7987C-4875-4324-A842-3A70E51ED795}.Debug|Any CPU.Build.0 = Debug|Any CPU
		{8BE7987C-4875-4324-A842-3A70E51ED795}.Release|Any CPU.ActiveCfg = Release|Any CPU
		{8BE7987C-4875-4324-A842-3A70E51ED795}.Release|Any CPU.Build.0 = Release|Any CPU
	EndGlobalSection
	GlobalSection(SolutionProperties) = preSolution
		HideSolutionNode = FALSE
	EndGlobalSection
	GlobalSection(ExtensibilityGlobals) = postSolution
		SolutionGuid = {9B1CA87C-A016-4A43-850C-2B62B3129E42}
	EndGlobalSection
EndGlobal
