
Microsoft Visual Studio Solution File, Format Version 12.00
# Visual Studio Version 16
VisualStudioVersion = 16.0.30011.22
MinimumVisualStudioVersion = 10.0.40219.1
Project("{FAE04EC0-301F-11D3-BF4B-00C04F79EFBC}") = "UDPClient", "UDPClient\UDPClient.csproj", "{FF82CF96-9DE8-4A6D-9AD6-AE664CF60AA8}"
EndProject
Global
	GlobalSection(SolutionConfigurationPlatforms) = preSolution
		Debug|Any CPU = Debug|Any CPU
		Release|Any CPU = Release|Any CPU
	EndGlobalSection
	GlobalSection(ProjectConfigurationPlatforms) = postSolution
		{FF82CF96-9DE8-4A6D-9AD6-AE664CF60AA8}.Debug|Any CPU.ActiveCfg = Debug|Any CPU
		{FF82CF96-9DE8-4A6D-9AD6-AE664CF60AA8}.Debug|Any CPU.Build.0 = Debug|Any CPU
		{FF82CF96-9DE8-4A6D-9AD6-AE664CF60AA8}.Release|Any CPU.ActiveCfg = Release|Any CPU
		{FF82CF96-9DE8-4A6D-9AD6-AE664CF60AA8}.Release|Any CPU.Build.0 = Release|Any CPU
	EndGlobalSection
	GlobalSection(SolutionProperties) = preSolution
		HideSolutionNode = FALSE
	EndGlobalSection
	GlobalSection(ExtensibilityGlobals) = postSolution
		SolutionGuid = {BF290474-1C1A-4E82-A266-F6B78663D739}
	EndGlobalSection
EndGlobal
