
Microsoft Visual Studio Solution File, Format Version 12.00
# Visual Studio Version 16
VisualStudioVersion = 16.0.30011.22
MinimumVisualStudioVersion = 10.0.40219.1
Project("{FAE04EC0-301F-11D3-BF4B-00C04F79EFBC}") = "FTPClient", "FTPClient\FTPClient.csproj", "{EC2AD652-1476-4FE5-A92B-6D6B9196FF2E}"
EndProject
Global
	GlobalSection(SolutionConfigurationPlatforms) = preSolution
		Debug|Any CPU = Debug|Any CPU
		Release|Any CPU = Release|Any CPU
	EndGlobalSection
	GlobalSection(ProjectConfigurationPlatforms) = postSolution
		{EC2AD652-1476-4FE5-A92B-6D6B9196FF2E}.Debug|Any CPU.ActiveCfg = Debug|Any CPU
		{EC2AD652-1476-4FE5-A92B-6D6B9196FF2E}.Debug|Any CPU.Build.0 = Debug|Any CPU
		{EC2AD652-1476-4FE5-A92B-6D6B9196FF2E}.Release|Any CPU.ActiveCfg = Release|Any CPU
		{EC2AD652-1476-4FE5-A92B-6D6B9196FF2E}.Release|Any CPU.Build.0 = Release|Any CPU
	EndGlobalSection
	GlobalSection(SolutionProperties) = preSolution
		HideSolutionNode = FALSE
	EndGlobalSection
	GlobalSection(ExtensibilityGlobals) = postSolution
		SolutionGuid = {4677515A-770A-47D5-AD39-9A7FCE7490DE}
	EndGlobalSection
EndGlobal
